// !$*UTF8*$!
{
	archiveVersion = 1;
	classes = {
	};
	objectVersion = 77;
	objects = {

/* Begin PBXBuildFile section */
		EC3179E42E059A6C00DDB6DA /* FacebookAEM in Frameworks */ = {isa = PBXBuildFile; productRef = EC3179E32E059A6C00DDB6DA /* FacebookAEM */; };
		EC3179E62E059A6C00DDB6DA /* FacebookBasics in Frameworks */ = {isa = PBXBuildFile; productRef = EC3179E52E059A6C00DDB6DA /* FacebookBasics */; };
		EC3179E82E059A6C00DDB6DA /* FacebookCore in Frameworks */ = {isa = PBXBuildFile; productRef = EC3179E72E059A6C00DDB6DA /* FacebookCore */; };
/* End PBXBuildFile section */

/* Begin PBXContainerItemProxy section */
		EC12FC702E01174000A19FF0 /* PBXContainerItemProxy */ = {
			isa = PBXContainerItemProxy;
			containerPortal = EC12FC552E01173F00A19FF0 /* Project object */;
			proxyType = 1;
			remoteGlobalIDString = EC12FC5C2E01173F00A19FF0;
			remoteInfo = PageOne;
		};
		EC12FC7A2E01174000A19FF0 /* PBXContainerItemProxy */ = {
			isa = PBXContainerItemProxy;
			containerPortal = EC12FC552E01173F00A19FF0 /* Project object */;
			proxyType = 1;
			remoteGlobalIDString = EC12FC5C2E01173F00A19FF0;
			remoteInfo = PageOne;
		};
/* End PBXContainerItemProxy section */

/* Begin PBXFileReference section */
		EC12FC5D2E01173F00A19FF0 /* PageOne.app */ = {isa = PBXFileReference; explicitFileType = wrapper.application; includeInIndex = 0; path = PageOne.app; sourceTree = BUILT_PRODUCTS_DIR; };
		EC12FC6F2E01174000A19FF0 /* PageOneTests.xctest */ = {isa = PBXFileReference; explicitFileType = wrapper.cfbundle; includeInIndex = 0; path = PageOneTests.xctest; sourceTree = BUILT_PRODUCTS_DIR; };
		EC12FC792E01174000A19FF0 /* PageOneUITests.xctest */ = {isa = PBXFileReference; explicitFileType = wrapper.cfbundle; includeInIndex = 0; path = PageOneUITests.xctest; sourceTree = BUILT_PRODUCTS_DIR; };
/* End PBXFileReference section */

/* Begin PBXFileSystemSynchronizedBuildFileExceptionSet section */
		EC3179DA2E043A7600DDB6DA /* Exceptions for "PageOne" folder in "PageOne" target */ = {
			isa = PBXFileSystemSynchronizedBuildFileExceptionSet;
			membershipExceptions = (
				Info.plist,
			);
			target = EC12FC5C2E01173F00A19FF0 /* PageOne */;
		};
/* End PBXFileSystemSynchronizedBuildFileExceptionSet section */

/* Begin PBXFileSystemSynchronizedRootGroup section */
		EC12FC5F2E01173F00A19FF0 /* PageOne */ = {
			isa = PBXFileSystemSynchronizedRootGroup;
			exceptions = (
				EC3179DA2E043A7600DDB6DA /* Exceptions for "PageOne" folder in "PageOne" target */,
			);
			path = PageOne;
			sourceTree = "<group>";
		};
		EC12FC722E01174000A19FF0 /* PageOneTests */ = {
			isa = PBXFileSystemSynchronizedRootGroup;
			path = PageOneTests;
			sourceTree = "<group>";
		};
		EC12FC7C2E01174000A19FF0 /* PageOneUITests */ = {
			isa = PBXFileSystemSynchronizedRootGroup;
			path = PageOneUITests;
			sourceTree = "<group>";
		};
/* End PBXFileSystemSynchronizedRootGroup section */

/* Begin PBXFrameworksBuildPhase section */
		EC12FC5A2E01173F00A19FF0 /* Frameworks */ = {
			isa = PBXFrameworksBuildPhase;
			buildActionMask = 2147483647;
			files = (
				EC3179E42E059A6C00DDB6DA /* FacebookAEM in Frameworks */,
				EC3179E82E059A6C00DDB6DA /* FacebookCore in Frameworks */,
				EC3179E62E059A6C00DDB6DA /* FacebookBasics in Frameworks */,
			);
			runOnlyForDeploymentPostprocessing = 0;
		};
		EC12FC6C2E01174000A19FF0 /* Frameworks */ = {
			isa = PBXFrameworksBuildPhase;
			buildActionMask = 2147483647;
			files = (
			);
			runOnlyForDeploymentPostprocessing = 0;
		};
		EC12FC762E01174000A19FF0 /* Frameworks */ = {
			isa = PBXFrameworksBuildPhase;
			buildActionMask = 2147483647;
			files = (
			);
			runOnlyForDeploymentPostprocessing = 0;
		};
/* End PBXFrameworksBuildPhase section */

/* Begin PBXGroup section */
		EC12FC542E01173F00A19FF0 = {
			isa = PBXGroup;
			children = (
				EC12FC5F2E01173F00A19FF0 /* PageOne */,
				EC12FC722E01174000A19FF0 /* PageOneTests */,
				EC12FC7C2E01174000A19FF0 /* PageOneUITests */,
				EC12FC5E2E01173F00A19FF0 /* Products */,
			);
			sourceTree = "<group>";
		};
		EC12FC5E2E01173F00A19FF0 /* Products */ = {
			isa = PBXGroup;
			children = (
				EC12FC5D2E01173F00A19FF0 /* PageOne.app */,
				EC12FC6F2E01174000A19FF0 /* PageOneTests.xctest */,
				EC12FC792E01174000A19FF0 /* PageOneUITests.xctest */,
			);
			name = Products;
			sourceTree = "<group>";
		};
/* End PBXGroup section */

/* Begin PBXNativeTarget section */
		EC12FC5C2E01173F00A19FF0 /* PageOne */ = {
			isa = PBXNativeTarget;
			buildConfigurationList = EC12FC832E01174000A19FF0 /* Build configuration list for PBXNativeTarget "PageOne" */;
			buildPhases = (
				EC12FC592E01173F00A19FF0 /* Sources */,
				EC12FC5A2E01173F00A19FF0 /* Frameworks */,
				EC12FC5B2E01173F00A19FF0 /* Resources */,
			);
			buildRules = (
			);
			dependencies = (
			);
			fileSystemSynchronizedGroups = (
				EC12FC5F2E01173F00A19FF0 /* PageOne */,
			);
			name = PageOne;
			packageProductDependencies = (
				EC3179E32E059A6C00DDB6DA /* FacebookAEM */,
				EC3179E52E059A6C00DDB6DA /* FacebookBasics */,
				EC3179E72E059A6C00DDB6DA /* FacebookCore */,
			);
			productName = PageOne;
			productReference = EC12FC5D2E01173F00A19FF0 /* PageOne.app */;
			productType = "com.apple.product-type.application";
		};
		EC12FC6E2E01174000A19FF0 /* PageOneTests */ = {
			isa = PBXNativeTarget;
			buildConfigurationList = EC12FC862E01174000A19FF0 /* Build configuration list for PBXNativeTarget "PageOneTests" */;
			buildPhases = (
				EC12FC6B2E01174000A19FF0 /* Sources */,
				EC12FC6C2E01174000A19FF0 /* Frameworks */,
				EC12FC6D2E01174000A19FF0 /* Resources */,
			);
			buildRules = (
			);
			dependencies = (
				EC12FC712E01174000A19FF0 /* PBXTargetDependency */,
			);
			fileSystemSynchronizedGroups = (
				EC12FC722E01174000A19FF0 /* PageOneTests */,
			);
			name = PageOneTests;
			packageProductDependencies = (
			);
			productName = PageOneTests;
			productReference = EC12FC6F2E01174000A19FF0 /* PageOneTests.xctest */;
			productType = "com.apple.product-type.bundle.unit-test";
		};
		EC12FC782E01174000A19FF0 /* PageOneUITests */ = {
			isa = PBXNativeTarget;
			buildConfigurationList = EC12FC892E01174000A19FF0 /* Build configuration list for PBXNativeTarget "PageOneUITests" */;
			buildPhases = (
				EC12FC752E01174000A19FF0 /* Sources */,
				EC12FC762E01174000A19FF0 /* Frameworks */,
				EC12FC772E01174000A19FF0 /* Resources */,
			);
			buildRules = (
			);
			dependencies = (
				EC12FC7B2E01174000A19FF0 /* PBXTargetDependency */,
			);
			fileSystemSynchronizedGroups = (
				EC12FC7C2E01174000A19FF0 /* PageOneUITests */,
			);
			name = PageOneUITests;
			packageProductDependencies = (
			);
			productName = PageOneUITests;
			productReference = EC12FC792E01174000A19FF0 /* PageOneUITests.xctest */;
			productType = "com.apple.product-type.bundle.ui-testing";
		};
/* End PBXNativeTarget section */

/* Begin PBXProject section */
		EC12FC552E01173F00A19FF0 /* Project object */ = {
			isa = PBXProject;
			attributes = {
				BuildIndependentTargetsInParallel = 1;
				LastSwiftUpdateCheck = 1640;
				LastUpgradeCheck = 1640;
				TargetAttributes = {
					EC12FC5C2E01173F00A19FF0 = {
						CreatedOnToolsVersion = 16.4;
					};
					EC12FC6E2E01174000A19FF0 = {
						CreatedOnToolsVersion = 16.4;
						TestTargetID = EC12FC5C2E01173F00A19FF0;
					};
					EC12FC782E01174000A19FF0 = {
						CreatedOnToolsVersion = 16.4;
						TestTargetID = EC12FC5C2E01173F00A19FF0;
					};
				};
			};
			buildConfigurationList = EC12FC582E01173F00A19FF0 /* Build configuration list for PBXProject "PageOne" */;
			developmentRegion = en;
			hasScannedForEncodings = 0;
			knownRegions = (
				en,
				Base,
			);
			mainGroup = EC12FC542E01173F00A19FF0;
			minimizedProjectReferenceProxies = 1;
			packageReferences = (
				EC3179E22E059A6C00DDB6DA /* XCRemoteSwiftPackageReference "facebook-ios-sdk" */,
			);
			preferredProjectObjectVersion = 77;
			productRefGroup = EC12FC5E2E01173F00A19FF0 /* Products */;
			projectDirPath = "";
			projectRoot = "";
			targets = (
				EC12FC5C2E01173F00A19FF0 /* PageOne */,
				EC12FC6E2E01174000A19FF0 /* PageOneTests */,
				EC12FC782E01174000A19FF0 /* PageOneUITests */,
			);
		};
/* End PBXProject section */

/* Begin PBXResourcesBuildPhase section */
		EC12FC5B2E01173F00A19FF0 /* Resources */ = {
			isa = PBXResourcesBuildPhase;
			buildActionMask = 2147483647;
			files = (
			);
			runOnlyForDeploymentPostprocessing = 0;
		};
		EC12FC6D2E01174000A19FF0 /* Resources */ = {
			isa = PBXResourcesBuildPhase;
			buildActionMask = 2147483647;
			files = (
			);
			runOnlyForDeploymentPostprocessing = 0;
		};
		EC12FC772E01174000A19FF0 /* Resources */ = {
			isa = PBXResourcesBuildPhase;
			buildActionMask = 2147483647;
			files = (
			);
			runOnlyForDeploymentPostprocessing = 0;
		};
/* End PBXResourcesBuildPhase section */

/* Begin PBXSourcesBuildPhase section */
		EC12FC592E01173F00A19FF0 /* Sources */ = {
			isa = PBXSourcesBuildPhase;
			buildActionMask = 2147483647;
			files = (
			);
			runOnlyForDeploymentPostprocessing = 0;
		};
		EC12FC6B2E01174000A19FF0 /* Sources */ = {
			isa = PBXSourcesBuildPhase;
			buildActionMask = 2147483647;
			files = (
			);
			runOnlyForDeploymentPostprocessing = 0;
		};
		EC12FC752E01174000A19FF0 /* Sources */ = {
			isa = PBXSourcesBuildPhase;
			buildActionMask = 2147483647;
			files = (
			);
			runOnlyForDeploymentPostprocessing = 0;
		};
/* End PBXSourcesBuildPhase section */

/* Begin PBXTargetDependency section */
		EC12FC712E01174000A19FF0 /* PBXTargetDependency */ = {
			isa = PBXTargetDependency;
			target = EC12FC5C2E01173F00A19FF0 /* PageOne */;
			targetProxy = EC12FC702E01174000A19FF0 /* PBXContainerItemProxy */;
		};
		EC12FC7B2E01174000A19FF0 /* PBXTargetDependency */ = {
			isa = PBXTargetDependency;
			target = EC12FC5C2E01173F00A19FF0 /* PageOne */;
			targetProxy = EC12FC7A2E01174000A19FF0 /* PBXContainerItemProxy */;
		};
/* End PBXTargetDependency section */

/* Begin XCBuildConfiguration section */
		EC12FC812E01174000A19FF0 /* Debug */ = {
			isa = XCBuildConfiguration;
			buildSettings = {
				ALWAYS_SEARCH_USER_PATHS = NO;
				ASSETCATALOG_COMPILER_GENERATE_SWIFT_ASSET_SYMBOL_EXTENSIONS = YES;
				CLANG_ANALYZER_NONNULL = YES;
				CLANG_ANALYZER_NUMBER_OBJECT_CONVERSION = YES_AGGRESSIVE;
				CLANG_CXX_LANGUAGE_STANDARD = "gnu++20";
				CLANG_ENABLE_MODULES = YES;
				CLANG_ENABLE_OBJC_ARC = YES;
				CLANG_ENABLE_OBJC_WEAK = YES;
				CLANG_WARN_BLOCK_CAPTURE_AUTORELEASING = YES;
				CLANG_WARN_BOOL_CONVERSION = YES;
				CLANG_WARN_COMMA = YES;
				CLANG_WARN_CONSTANT_CONVERSION = YES;
				CLANG_WARN_DEPRECATED_OBJC_IMPLEMENTATIONS = YES;
				CLANG_WARN_DIRECT_OBJC_ISA_USAGE = YES_ERROR;
				CLANG_WARN_DOCUMENTATION_COMMENTS = YES;
				CLANG_WARN_EMPTY_BODY = YES;
				CLANG_WARN_ENUM_CONVERSION = YES;
				CLANG_WARN_INFINITE_RECURSION = YES;
				CLANG_WARN_INT_CONVERSION = YES;
				CLANG_WARN_NON_LITERAL_NULL_CONVERSION = YES;
				CLANG_WARN_OBJC_IMPLICIT_RETAIN_SELF = YES;
				CLANG_WARN_OBJC_LITERAL_CONVERSION = YES;
				CLANG_WARN_OBJC_ROOT_CLASS = YES_ERROR;
				CLANG_WARN_QUOTED_INCLUDE_IN_FRAMEWORK_HEADER = YES;
				CLANG_WARN_RANGE_LOOP_ANALYSIS = YES;
				CLANG_WARN_STRICT_PROTOTYPES = YES;
				CLANG_WARN_SUSPICIOUS_MOVE = YES;
				CLANG_WARN_UNGUARDED_AVAILABILITY = YES_AGGRESSIVE;
				CLANG_WARN_UNREACHABLE_CODE = YES;
				CLANG_WARN__DUPLICATE_METHOD_MATCH = YES;
				COPY_PHASE_STRIP = NO;
				DEBUG_INFORMATION_FORMAT = dwarf;
				DEVELOPMENT_TEAM = 3DW4U98M3X;
				ENABLE_STRICT_OBJC_MSGSEND = YES;
				ENABLE_TESTABILITY = YES;
				ENABLE_USER_SCRIPT_SANDBOXING = YES;
				GCC_C_LANGUAGE_STANDARD = gnu17;
				GCC_DYNAMIC_NO_PIC = NO;
				GCC_NO_COMMON_BLOCKS = YES;
				GCC_OPTIMIZATION_LEVEL = 0;
				GCC_PREPROCESSOR_DEFINITIONS = (
					"DEBUG=1",
					"$(inherited)",
				);
				GCC_WARN_64_TO_32_BIT_CONVERSION = YES;
				GCC_WARN_ABOUT_RETURN_TYPE = YES_ERROR;
				GCC_WARN_UNDECLARED_SELECTOR = YES;
				GCC_WARN_UNINITIALIZED_AUTOS = YES_AGGRESSIVE;
				GCC_WARN_UNUSED_FUNCTION = YES;
				GCC_WARN_UNUSED_VARIABLE = YES;
				IPHONEOS_DEPLOYMENT_TARGET = 18.5;
				LOCALIZATION_PREFERS_STRING_CATALOGS = YES;
				MTL_ENABLE_DEBUG_INFO = INCLUDE_SOURCE;
				MTL_FAST_MATH = YES;
				ONLY_ACTIVE_ARCH = YES;
				SDKROOT = iphoneos;
				SWIFT_ACTIVE_COMPILATION_CONDITIONS = "DEBUG $(inherited)";
				SWIFT_OPTIMIZATION_LEVEL = "-Onone";
			};
			name = Debug;
		};
		EC12FC822E01174000A19FF0 /* Release */ = {
			isa = XCBuildConfiguration;
			buildSettings = {
				ALWAYS_SEARCH_USER_PATHS = NO;
				ASSETCATALOG_COMPILER_GENERATE_SWIFT_ASSET_SYMBOL_EXTENSIONS = YES;
				CLANG_ANALYZER_NONNULL = YES;
				CLANG_ANALYZER_NUMBER_OBJECT_CONVERSION = YES_AGGRESSIVE;
				CLANG_CXX_LANGUAGE_STANDARD = "gnu++20";
				CLANG_ENABLE_MODULES = YES;
				CLANG_ENABLE_OBJC_ARC = YES;
				CLANG_ENABLE_OBJC_WEAK = YES;
				CLANG_WARN_BLOCK_CAPTURE_AUTORELEASING = YES;
				CLANG_WARN_BOOL_CONVERSION = YES;
				CLANG_WARN_COMMA = YES;
				CLANG_WARN_CONSTANT_CONVERSION = YES;
				CLANG_WARN_DEPRECATED_OBJC_IMPLEMENTATIONS = YES;
				CLANG_WARN_DIRECT_OBJC_ISA_USAGE = YES_ERROR;
				CLANG_WARN_DOCUMENTATION_COMMENTS = YES;
				CLANG_WARN_EMPTY_BODY = YES;
				CLANG_WARN_ENUM_CONVERSION = YES;
				CLANG_WARN_INFINITE_RECURSION = YES;
				CLANG_WARN_INT_CONVERSION = YES;
				CLANG_WARN_NON_LITERAL_NULL_CONVERSION = YES;
				CLANG_WARN_OBJC_IMPLICIT_RETAIN_SELF = YES;
				CLANG_WARN_OBJC_LITERAL_CONVERSION = YES;
				CLANG_WARN_OBJC_ROOT_CLASS = YES_ERROR;
				CLANG_WARN_QUOTED_INCLUDE_IN_FRAMEWORK_HEADER = YES;
				CLANG_WARN_RANGE_LOOP_ANALYSIS = YES;
				CLANG_WARN_STRICT_PROTOTYPES = YES;
				CLANG_WARN_SUSPICIOUS_MOVE = YES;
				CLANG_WARN_UNGUARDED_AVAILABILITY = YES_AGGRESSIVE;
				CLANG_WARN_UNREACHABLE_CODE = YES;
				CLANG_WARN__DUPLICATE_METHOD_MATCH = YES;
				COPY_PHASE_STRIP = NO;
				DEBUG_INFORMATION_FORMAT = "dwarf-with-dsym";
				DEVELOPMENT_TEAM = 3DW4U98M3X;
				ENABLE_NS_ASSERTIONS = NO;
				ENABLE_STRICT_OBJC_MSGSEND = YES;
				ENABLE_USER_SCRIPT_SANDBOXING = YES;
				GCC_C_LANGUAGE_STANDARD = gnu17;
				GCC_NO_COMMON_BLOCKS = YES;
				GCC_WARN_64_TO_32_BIT_CONVERSION = YES;
				GCC_WARN_ABOUT_RETURN_TYPE = YES_ERROR;
				GCC_WARN_UNDECLARED_SELECTOR = YES;
				GCC_WARN_UNINITIALIZED_AUTOS = YES_AGGRESSIVE;
				GCC_WARN_UNUSED_FUNCTION = YES;
				GCC_WARN_UNUSED_VARIABLE = YES;
				IPHONEOS_DEPLOYMENT_TARGET = 18.5;
				LOCALIZATION_PREFERS_STRING_CATALOGS = YES;
				MTL_ENABLE_DEBUG_INFO = NO;
				MTL_FAST_MATH = YES;
				SDKROOT = iphoneos;
				SWIFT_COMPILATION_MODE = wholemodule;
				VALIDATE_PRODUCT = YES;
			};
			name = Release;
		};
		EC12FC842E01174000A19FF0 /* Debug */ = {
			isa = XCBuildConfiguration;
			buildSettings = {
				ASSETCATALOG_COMPILER_APPICON_NAME = AppIcon;
				ASSETCATALOG_COMPILER_GLOBAL_ACCENT_COLOR_NAME = AccentColor;
				CODE_SIGN_STYLE = Automatic;
				CURRENT_PROJECT_VERSION = 1;
				DEVELOPMENT_TEAM = 3DW4U98M3X;
				ENABLE_PREVIEWS = YES;
				GENERATE_INFOPLIST_FILE = YES;
				INFOPLIST_FILE = PageOne/Info.plist;
				INFOPLIST_KEY_UIApplicationSceneManifest_Generation = YES;
				INFOPLIST_KEY_UIApplicationSupportsIndirectInputEvents = YES;
				INFOPLIST_KEY_UILaunchScreen_Generation = YES;
				INFOPLIST_KEY_UIStatusBarStyle = UIStatusBarStyleDarkContent;
				INFOPLIST_KEY_UISupportedInterfaceOrientations = UIInterfaceOrientationPortrait;
				INFOPLIST_KEY_UISupportedInterfaceOrientations_iPad = "UIInterfaceOrientationPortrait UIInterfaceOrientationPortraitUpsideDown";
				IPHONEOS_DEPLOYMENT_TARGET = 17.6;
				LD_RUNPATH_SEARCH_PATHS = (
					"$(inherited)",
					"@executable_path/Frameworks",
				);
				MARKETING_VERSION = 1.0;
				PRODUCT_BUNDLE_IDENTIFIER = io.linkrunner.PageOne;
				PRODUCT_NAME = "$(TARGET_NAME)";
				SWIFT_EMIT_LOC_STRINGS = YES;
				SWIFT_VERSION = 5.0;
				TARGETED_DEVICE_FAMILY = "1,2";
			};
			name = Debug;
		};
		EC12FC852E01174000A19FF0 /* Release */ = {
			isa = XCBuildConfiguration;
			buildSettings = {
				ASSETCATALOG_COMPILER_APPICON_NAME = AppIcon;
				ASSETCATALOG_COMPILER_GLOBAL_ACCENT_COLOR_NAME = AccentColor;
				CODE_SIGN_STYLE = Automatic;
				CURRENT_PROJECT_VERSION = 1;
				DEVELOPMENT_TEAM = 3DW4U98M3X;
				ENABLE_PREVIEWS = YES;
				GENERATE_INFOPLIST_FILE = YES;
				INFOPLIST_FILE = PageOne/Info.plist;
				INFOPLIST_KEY_UIApplicationSceneManifest_Generation = YES;
				INFOPLIST_KEY_UIApplicationSupportsIndirectInputEvents = YES;
				INFOPLIST_KEY_UILaunchScreen_Generation = YES;
				INFOPLIST_KEY_UIStatusBarStyle = UIStatusBarStyleDarkContent;
				INFOPLIST_KEY_UISupportedInterfaceOrientations = UIInterfaceOrientationPortrait;
				INFOPLIST_KEY_UISupportedInterfaceOrientations_iPad = "UIInterfaceOrientationPortrait UIInterfaceOrientationPortraitUpsideDown";
				IPHONEOS_DEPLOYMENT_TARGET = 17.6;
				LD_RUNPATH_SEARCH_PATHS = (
					"$(inherited)",
					"@executable_path/Frameworks",
				);
				MARKETING_VERSION = 1.0;
				PRODUCT_BUNDLE_IDENTIFIER = io.linkrunner.PageOne;
				PRODUCT_NAME = "$(TARGET_NAME)";
				SWIFT_EMIT_LOC_STRINGS = YES;
				SWIFT_VERSION = 5.0;
				TARGETED_DEVICE_FAMILY = "1,2";
			};
			name = Release;
		};
		EC12FC872E01174000A19FF0 /* Debug */ = {
			isa = XCBuildConfiguration;
			buildSettings = {
				BUNDLE_LOADER = "$(TEST_HOST)";
				CODE_SIGN_STYLE = Automatic;
				CURRENT_PROJECT_VERSION = 1;
				DEVELOPMENT_TEAM = 3DW4U98M3X;
				GENERATE_INFOPLIST_FILE = YES;
				IPHONEOS_DEPLOYMENT_TARGET = 18.5;
				MARKETING_VERSION = 1.0;
				PRODUCT_BUNDLE_IDENTIFIER = io.linkrunner.PageOneTests;
				PRODUCT_NAME = "$(TARGET_NAME)";
				SWIFT_EMIT_LOC_STRINGS = NO;
				SWIFT_VERSION = 5.0;
				TARGETED_DEVICE_FAMILY = "1,2";
				TEST_HOST = "$(BUILT_PRODUCTS_DIR)/PageOne.app/$(BUNDLE_EXECUTABLE_FOLDER_PATH)/PageOne";
			};
			name = Debug;
		};
		EC12FC882E01174000A19FF0 /* Release */ = {
			isa = XCBuildConfiguration;
			buildSettings = {
				BUNDLE_LOADER = "$(TEST_HOST)";
				CODE_SIGN_STYLE = Automatic;
				CURRENT_PROJECT_VERSION = 1;
				DEVELOPMENT_TEAM = 3DW4U98M3X;
				GENERATE_INFOPLIST_FILE = YES;
				IPHONEOS_DEPLOYMENT_TARGET = 18.5;
				MARKETING_VERSION = 1.0;
				PRODUCT_BUNDLE_IDENTIFIER = io.linkrunner.PageOneTests;
				PRODUCT_NAME = "$(TARGET_NAME)";
				SWIFT_EMIT_LOC_STRINGS = NO;
				SWIFT_VERSION = 5.0;
				TARGETED_DEVICE_FAMILY = "1,2";
				TEST_HOST = "$(BUILT_PRODUCTS_DIR)/PageOne.app/$(BUNDLE_EXECUTABLE_FOLDER_PATH)/PageOne";
			};
			name = Release;
		};
		EC12FC8A2E01174000A19FF0 /* Debug */ = {
			isa = XCBuildConfiguration;
			buildSettings = {
				CODE_SIGN_STYLE = Automatic;
				CURRENT_PROJECT_VERSION = 1;
				DEVELOPMENT_TEAM = 3DW4U98M3X;
				GENERATE_INFOPLIST_FILE = YES;
				MARKETING_VERSION = 1.0;
				PRODUCT_BUNDLE_IDENTIFIER = io.linkrunner.PageOneUITests;
				PRODUCT_NAME = "$(TARGET_NAME)";
				SWIFT_EMIT_LOC_STRINGS = NO;
				SWIFT_VERSION = 5.0;
				TARGETED_DEVICE_FAMILY = "1,2";
				TEST_TARGET_NAME = PageOne;
			};
			name = Debug;
		};
		EC12FC8B2E01174000A19FF0 /* Release */ = {
			isa = XCBuildConfiguration;
			buildSettings = {
				CODE_SIGN_STYLE = Automatic;
				CURRENT_PROJECT_VERSION = 1;
				DEVELOPMENT_TEAM = 3DW4U98M3X;
				GENERATE_INFOPLIST_FILE = YES;
				MARKETING_VERSION = 1.0;
				PRODUCT_BUNDLE_IDENTIFIER = io.linkrunner.PageOneUITests;
				PRODUCT_NAME = "$(TARGET_NAME)";
				SWIFT_EMIT_LOC_STRINGS = NO;
				SWIFT_VERSION = 5.0;
				TARGETED_DEVICE_FAMILY = "1,2";
				TEST_TARGET_NAME = PageOne;
			};
			name = Release;
		};
/* End XCBuildConfiguration section */

/* Begin XCConfigurationList section */
		EC12FC582E01173F00A19FF0 /* Build configuration list for PBXProject "PageOne" */ = {
			isa = XCConfigurationList;
			buildConfigurations = (
				EC12FC812E01174000A19FF0 /* Debug */,
				EC12FC822E01174000A19FF0 /* Release */,
			);
			defaultConfigurationIsVisible = 0;
			defaultConfigurationName = Release;
		};
		EC12FC832E01174000A19FF0 /* Build configuration list for PBXNativeTarget "PageOne" */ = {
			isa = XCConfigurationList;
			buildConfigurations = (
				EC12FC842E01174000A19FF0 /* Debug */,
				EC12FC852E01174000A19FF0 /* Release */,
			);
			defaultConfigurationIsVisible = 0;
			defaultConfigurationName = Release;
		};
		EC12FC862E01174000A19FF0 /* Build configuration list for PBXNativeTarget "PageOneTests" */ = {
			isa = XCConfigurationList;
			buildConfigurations = (
				EC12FC872E01174000A19FF0 /* Debug */,
				EC12FC882E01174000A19FF0 /* Release */,
			);
			defaultConfigurationIsVisible = 0;
			defaultConfigurationName = Release;
		};
		EC12FC892E01174000A19FF0 /* Build configuration list for PBXNativeTarget "PageOneUITests" */ = {
			isa = XCConfigurationList;
			buildConfigurations = (
				EC12FC8A2E01174000A19FF0 /* Debug */,
				EC12FC8B2E01174000A19FF0 /* Release */,
			);
			defaultConfigurationIsVisible = 0;
			defaultConfigurationName = Release;
		};
/* End XCConfigurationList section */

/* Begin XCRemoteSwiftPackageReference section */
		EC3179E22E059A6C00DDB6DA /* XCRemoteSwiftPackageReference "facebook-ios-sdk" */ = {
			isa = XCRemoteSwiftPackageReference;
			repositoryURL = "https://github.com/facebook/facebook-ios-sdk";
			requirement = {
				kind = exactVersion;
				version = 18.0.0;
			};
		};
/* End XCRemoteSwiftPackageReference section */

/* Begin XCSwiftPackageProductDependency section */
		EC3179E32E059A6C00DDB6DA /* FacebookAEM */ = {
			isa = XCSwiftPackageProductDependency;
			package = EC3179E22E059A6C00DDB6DA /* XCRemoteSwiftPackageReference "facebook-ios-sdk" */;
			productName = FacebookAEM;
		};
		EC3179E52E059A6C00DDB6DA /* FacebookBasics */ = {
			isa = XCSwiftPackageProductDependency;
			package = EC3179E22E059A6C00DDB6DA /* XCRemoteSwiftPackageReference "facebook-ios-sdk" */;
			productName = FacebookBasics;
		};
		EC3179E72E059A6C00DDB6DA /* FacebookCore */ = {
			isa = XCSwiftPackageProductDependency;
			package = EC3179E22E059A6C00DDB6DA /* XCRemoteSwiftPackageReference "facebook-ios-sdk" */;
			productName = FacebookCore;
		};
/* End XCSwiftPackageProductDependency section */
	};
	rootObject = EC12FC552E01173F00A19FF0 /* Project object */;
}
